
Microsoft Visual Studio Solution File, Format Version 12.00
# Visual Studio Version 16
VisualStudioVersion = 16.0.32428.217
MinimumVisualStudioVersion = 10.0.40219.1
Project("{FAE04EC0-301F-11D3-BF4B-00C04F79EFBC}") = "AzureWebApp", "AzureWebApp\AzureWebApp.csproj", "{AC6DD349-234B-4B4F-AD3E-0037EB8FF545}"
EndProject
Global
	GlobalSection(SolutionConfigurationPlatforms) = preSolution
		Debug|Any CPU = Debug|Any CPU
		Release|Any CPU = Release|Any CPU
	EndGlobalSection
	GlobalSection(ProjectConfigurationPlatforms) = postSolution
		{AC6DD349-234B-4B4F-AD3E-0037EB8FF545}.Debug|Any CPU.ActiveCfg = Debug|Any CPU
		{AC6DD349-234B-4B4F-AD3E-0037EB8FF545}.Debug|Any CPU.Build.0 = Debug|Any CPU
		{AC6DD349-234B-4B4F-AD3E-0037EB8FF545}.Release|Any CPU.ActiveCfg = Release|Any CPU
		{AC6DD349-234B-4B4F-AD3E-0037EB8FF545}.Release|Any CPU.Build.0 = Release|Any CPU
	EndGlobalSection
	GlobalSection(SolutionProperties) = preSolution
		HideSolutionNode = FALSE
	EndGlobalSection
	GlobalSection(ExtensibilityGlobals) = postSolution
		SolutionGuid = {5282D018-C81F-4530-9189-07BACC856102}
	EndGlobalSection
EndGlobal
